// !$*UTF8*$!
{
	archiveVersion = 1;
	classes = {
	};
	objectVersion = 50;
	objects = {

/* Begin PBXBuildFile section */
		A4CBB78F22DB2B9100DB9756 /* AppDelegate.swift in Sources */ = {isa = PBXBuildFile; fileRef = A4CBB78E22DB2B9100DB9756 /* AppDelegate.swift */; };
		A4CBB79122DB2B9100DB9756 /* FirstViewController.swift in Sources */ = {isa = PBXBuildFile; fileRef = A4CBB79022DB2B9100DB9756 /* FirstViewController.swift */; };
		A4CBB79322DB2B9100DB9756 /* SecondViewController.swift in Sources */ = {isa = PBXBuildFile; fileRef = A4CBB79222DB2B9100DB9756 /* SecondViewController.swift */; };
		A4CBB79622DB2B9100DB9756 /* Main.storyboard in Resources */ = {isa = PBXBuildFile; fileRef = A4CBB79422DB2B9100DB9756 /* Main.storyboard */; };
		A4CBB79822DB2B9300DB9756 /* Assets.xcassets in Resources */ = {isa = PBXBuildFile; fileRef = A4CBB79722DB2B9300DB9756 /* Assets.xcassets */; };
		A4CBB79B22DB2B9300DB9756 /* LaunchScreen.storyboard in Resources */ = {isa = PBXBuildFile; fileRef = A4CBB79922DB2B9300DB9756 /* LaunchScreen.storyboard */; };
		A4CBB7A622DB2B9300DB9756 /* LearnMoneyAppTests.swift in Sources */ = {isa = PBXBuildFile; fileRef = A4CBB7A522DB2B9300DB9756 /* LearnMoneyAppTests.swift */; };
		A4D59F9422DBACCF00E4ABDB /* LearnViewController.swift in Sources */ = {isa = PBXBuildFile; fileRef = A4D59F9322DBACCF00E4ABDB /* LearnViewController.swift */; };
		A4D59F9622DBAD5A00E4ABDB /* SettingsViewController.swift in Sources */ = {isa = PBXBuildFile; fileRef = A4D59F9522DBAD5A00E4ABDB /* SettingsViewController.swift */; };
		A4D59F9822DBD48F00E4ABDB /* coinAddViewController.swift in Sources */ = {isa = PBXBuildFile; fileRef = A4D59F9722DBD48F00E4ABDB /* coinAddViewController.swift */; };
/* End PBXBuildFile section */

/* Begin PBXContainerItemProxy section */
		A4CBB7A222DB2B9300DB9756 /* PBXContainerItemProxy */ = {
			isa = PBXContainerItemProxy;
			containerPortal = A4CBB78322DB2B9100DB9756 /* Project object */;
			proxyType = 1;
			remoteGlobalIDString = A4CBB78A22DB2B9100DB9756;
			remoteInfo = LearnMoneyApp;
		};
/* End PBXContainerItemProxy section */

/* Begin PBXFileReference section */
		A4CBB78B22DB2B9100DB9756 /* LearnMoneyApp.app */ = {isa = PBXFileReference; explicitFileType = wrapper.application; includeInIndex = 0; path = LearnMoneyApp.app; sourceTree = BUILT_PRODUCTS_DIR; };
		A4CBB78E22DB2B9100DB9756 /* AppDelegate.swift */ = {isa = PBXFileReference; lastKnownFileType = sourcecode.swift; path = AppDelegate.swift; sourceTree = "<group>"; };
		A4CBB79022DB2B9100DB9756 /* FirstViewController.swift */ = {isa = PBXFileReference; lastKnownFileType = sourcecode.swift; path = FirstViewController.swift; sourceTree = "<group>"; };
		A4CBB79222DB2B9100DB9756 /* SecondViewController.swift */ = {isa = PBXFileReference; lastKnownFileType = sourcecode.swift; path = SecondViewController.swift; sourceTree = "<group>"; };
		A4CBB79522DB2B9100DB9756 /* Base */ = {isa = PBXFileReference; lastKnownFileType = file.storyboard; name = Base; path = Base.lproj/Main.storyboard; sourceTree = "<group>"; };
		A4CBB79722DB2B9300DB9756 /* Assets.xcassets */ = {isa = PBXFileReference; lastKnownFileType = folder.assetcatalog; path = Assets.xcassets; sourceTree = "<group>"; };
		A4CBB79A22DB2B9300DB9756 /* Base */ = {isa = PBXFileReference; lastKnownFileType = file.storyboard; name = Base; path = Base.lproj/LaunchScreen.storyboard; sourceTree = "<group>"; };
		A4CBB79C22DB2B9300DB9756 /* Info.plist */ = {isa = PBXFileReference; lastKnownFileType = text.plist.xml; path = Info.plist; sourceTree = "<group>"; };
		A4CBB7A122DB2B9300DB9756 /* LearnMoneyAppTests.xctest */ = {isa = PBXFileReference; explicitFileType = wrapper.cfbundle; includeInIndex = 0; path = LearnMoneyAppTests.xctest; sourceTree = BUILT_PRODUCTS_DIR; };
		A4CBB7A522DB2B9300DB9756 /* LearnMoneyAppTests.swift */ = {isa = PBXFileReference; lastKnownFileType = sourcecode.swift; path = LearnMoneyAppTests.swift; sourceTree = "<group>"; };
		A4CBB7A722DB2B9300DB9756 /* Info.plist */ = {isa = PBXFileReference; lastKnownFileType = text.plist.xml; path = Info.plist; sourceTree = "<group>"; };
		A4D59F9322DBACCF00E4ABDB /* LearnViewController.swift */ = {isa = PBXFileReference; lastKnownFileType = sourcecode.swift; path = LearnViewController.swift; sourceTree = "<group>"; };
		A4D59F9522DBAD5A00E4ABDB /* SettingsViewController.swift */ = {isa = PBXFileReference; lastKnownFileType = sourcecode.swift; path = SettingsViewController.swift; sourceTree = "<group>"; };
		A4D59F9722DBD48F00E4ABDB /* coinAddViewController.swift */ = {isa = PBXFileReference; lastKnownFileType = sourcecode.swift; path = coinAddViewController.swift; sourceTree = "<group>"; };
/* End PBXFileReference section */

/* Begin PBXFrameworksBuildPhase section */
		A4CBB78822DB2B9100DB9756 /* Frameworks */ = {
			isa = PBXFrameworksBuildPhase;
			buildActionMask = 2147483647;
			files = (
			);
			runOnlyForDeploymentPostprocessing = 0;
		};
		A4CBB79E22DB2B9300DB9756 /* Frameworks */ = {
			isa = PBXFrameworksBuildPhase;
			buildActionMask = 2147483647;
			files = (
			);
			runOnlyForDeploymentPostprocessing = 0;
		};
/* End PBXFrameworksBuildPhase section */

/* Begin PBXGroup section */
		A4CBB78222DB2B9100DB9756 = {
			isa = PBXGroup;
			children = (
				A4CBB78D22DB2B9100DB9756 /* LearnMoneyApp */,
				A4CBB7A422DB2B9300DB9756 /* LearnMoneyAppTests */,
				A4CBB78C22DB2B9100DB9756 /* Products */,
			);
			sourceTree = "<group>";
		};
		A4CBB78C22DB2B9100DB9756 /* Products */ = {
			isa = PBXGroup;
			children = (
				A4CBB78B22DB2B9100DB9756 /* LearnMoneyApp.app */,
				A4CBB7A122DB2B9300DB9756 /* LearnMoneyAppTests.xctest */,
			);
			name = Products;
			sourceTree = "<group>";
		};
		A4CBB78D22DB2B9100DB9756 /* LearnMoneyApp */ = {
			isa = PBXGroup;
			children = (
				A4CBB78E22DB2B9100DB9756 /* AppDelegate.swift */,
				A4CBB79022DB2B9100DB9756 /* FirstViewController.swift */,
				A4CBB79222DB2B9100DB9756 /* SecondViewController.swift */,
				A4D59F9322DBACCF00E4ABDB /* LearnViewController.swift */,
				A4D59F9522DBAD5A00E4ABDB /* SettingsViewController.swift */,
				A4D59F9722DBD48F00E4ABDB /* coinAddViewController.swift */,
				A4CBB79422DB2B9100DB9756 /* Main.storyboard */,
				A4CBB79722DB2B9300DB9756 /* Assets.xcassets */,
				A4CBB79922DB2B9300DB9756 /* LaunchScreen.storyboard */,
				A4CBB79C22DB2B9300DB9756 /* Info.plist */,
			);
			path = LearnMoneyApp;
			sourceTree = "<group>";
		};
		A4CBB7A422DB2B9300DB9756 /* LearnMoneyAppTests */ = {
			isa = PBXGroup;
			children = (
				A4CBB7A522DB2B9300DB9756 /* LearnMoneyAppTests.swift */,
				A4CBB7A722DB2B9300DB9756 /* Info.plist */,
			);
			path = LearnMoneyAppTests;
			sourceTree = "<group>";
		};
/* End PBXGroup section */

/* Begin PBXNativeTarget section */
		A4CBB78A22DB2B9100DB9756 /* LearnMoneyApp */ = {
			isa = PBXNativeTarget;
			buildConfigurationList = A4CBB7AA22DB2B9300DB9756 /* Build configuration list for PBXNativeTarget "LearnMoneyApp" */;
			buildPhases = (
				A4CBB78722DB2B9100DB9756 /* Sources */,
				A4CBB78822DB2B9100DB9756 /* Frameworks */,
				A4CBB78922DB2B9100DB9756 /* Resources */,
			);
			buildRules = (
			);
			dependencies = (
			);
			name = LearnMoneyApp;
			productName = LearnMoneyApp;
			productReference = A4CBB78B22DB2B9100DB9756 /* LearnMoneyApp.app */;
			productType = "com.apple.product-type.application";
		};
		A4CBB7A022DB2B9300DB9756 /* LearnMoneyAppTests */ = {
			isa = PBXNativeTarget;
			buildConfigurationList = A4CBB7AD22DB2B9300DB9756 /* Build configuration list for PBXNativeTarget "LearnMoneyAppTests" */;
			buildPhases = (
				A4CBB79D22DB2B9300DB9756 /* Sources */,
				A4CBB79E22DB2B9300DB9756 /* Frameworks */,
				A4CBB79F22DB2B9300DB9756 /* Resources */,
			);
			buildRules = (
			);
			dependencies = (
				A4CBB7A322DB2B9300DB9756 /* PBXTargetDependency */,
			);
			name = LearnMoneyAppTests;
			productName = LearnMoneyAppTests;
			productReference = A4CBB7A122DB2B9300DB9756 /* LearnMoneyAppTests.xctest */;
			productType = "com.apple.product-type.bundle.unit-test";
		};
/* End PBXNativeTarget section */

/* Begin PBXProject section */
		A4CBB78322DB2B9100DB9756 /* Project object */ = {
			isa = PBXProject;
			attributes = {
				LastSwiftUpdateCheck = 1020;
				LastUpgradeCheck = 1020;
				ORGANIZATIONNAME = "Danny Kasri";
				TargetAttributes = {
					A4CBB78A22DB2B9100DB9756 = {
						CreatedOnToolsVersion = 10.2.1;
					};
					A4CBB7A022DB2B9300DB9756 = {
						CreatedOnToolsVersion = 10.2.1;
						TestTargetID = A4CBB78A22DB2B9100DB9756;
					};
				};
			};
			buildConfigurationList = A4CBB78622DB2B9100DB9756 /* Build configuration list for PBXProject "LearnMoneyApp" */;
			compatibilityVersion = "Xcode 9.3";
			developmentRegion = en;
			hasScannedForEncodings = 0;
			knownRegions = (
				en,
				Base,
			);
			mainGroup = A4CBB78222DB2B9100DB9756;
			productRefGroup = A4CBB78C22DB2B9100DB9756 /* Products */;
			projectDirPath = "";
			projectRoot = "";
			targets = (
				A4CBB78A22DB2B9100DB9756 /* LearnMoneyApp */,
				A4CBB7A022DB2B9300DB9756 /* LearnMoneyAppTests */,
			);
		};
/* End PBXProject section */

/* Begin PBXResourcesBuildPhase section */
		A4CBB78922DB2B9100DB9756 /* Resources */ = {
			isa = PBXResourcesBuildPhase;
			buildActionMask = 2147483647;
			files = (
				A4CBB79B22DB2B9300DB9756 /* LaunchScreen.storyboard in Resources */,
				A4CBB79822DB2B9300DB9756 /* Assets.xcassets in Resources */,
				A4CBB79622DB2B9100DB9756 /* Main.storyboard in Resources */,
			);
			runOnlyForDeploymentPostprocessing = 0;
		};
		A4CBB79F22DB2B9300DB9756 /* Resources */ = {
			isa = PBXResourcesBuildPhase;
			buildActionMask = 2147483647;
			files = (
			);
			runOnlyForDeploymentPostprocessing = 0;
		};
/* End PBXResourcesBuildPhase section */

/* Begin PBXSourcesBuildPhase section */
		A4CBB78722DB2B9100DB9756 /* Sources */ = {
			isa = PBXSourcesBuildPhase;
			buildActionMask = 2147483647;
			files = (
				A4CBB79322DB2B9100DB9756 /* SecondViewController.swift in Sources */,
				A4D59F9422DBACCF00E4ABDB /* LearnViewController.swift in Sources */,
				A4CBB78F22DB2B9100DB9756 /* AppDelegate.swift in Sources */,
				A4D59F9822DBD48F00E4ABDB /* coinAddViewController.swift in Sources */,
				A4D59F9622DBAD5A00E4ABDB /* SettingsViewController.swift in Sources */,
				A4CBB79122DB2B9100DB9756 /* FirstViewController.swift in Sources */,
			);
			runOnlyForDeploymentPostprocessing = 0;
		};
		A4CBB79D22DB2B9300DB9756 /* Sources */ = {
			isa = PBXSourcesBuildPhase;
			buildActionMask = 2147483647;
			files = (
				A4CBB7A622DB2B9300DB9756 /* LearnMoneyAppTests.swift in Sources */,
			);
			runOnlyForDeploymentPostprocessing = 0;
		};
/* End PBXSourcesBuildPhase section */

/* Begin PBXTargetDependency section */
		A4CBB7A322DB2B9300DB9756 /* PBXTargetDependency */ = {
			isa = PBXTargetDependency;
			target = A4CBB78A22DB2B9100DB9756 /* LearnMoneyApp */;
			targetProxy = A4CBB7A222DB2B9300DB9756 /* PBXContainerItemProxy */;
		};
/* End PBXTargetDependency section */

/* Begin PBXVariantGroup section */
		A4CBB79422DB2B9100DB9756 /* Main.storyboard */ = {
			isa = PBXVariantGroup;
			children = (
				A4CBB79522DB2B9100DB9756 /* Base */,
			);
			name = Main.storyboard;
			sourceTree = "<group>";
		};
		A4CBB79922DB2B9300DB9756 /* LaunchScreen.storyboard */ = {
			isa = PBXVariantGroup;
			children = (
				A4CBB79A22DB2B9300DB9756 /* Base */,
			);
			name = LaunchScreen.storyboard;
			sourceTree = "<group>";
		};
/* End PBXVariantGroup section */

/* Begin XCBuildConfiguration section */
		A4CBB7A822DB2B9300DB9756 /* Debug */ = {
			isa = XCBuildConfiguration;
			buildSettings = {
				ALWAYS_SEARCH_USER_PATHS = NO;
				CLANG_ANALYZER_NONNULL = YES;
				CLANG_ANALYZER_NUMBER_OBJECT_CONVERSION = YES_AGGRESSIVE;
				CLANG_CXX_LANGUAGE_STANDARD = "gnu++14";
				CLANG_CXX_LIBRARY = "libc++";
				CLANG_ENABLE_MODULES = YES;
				CLANG_ENABLE_OBJC_ARC = YES;
				CLANG_ENABLE_OBJC_WEAK = YES;
				CLANG_WARN_BLOCK_CAPTURE_AUTORELEASING = YES;
				CLANG_WARN_BOOL_CONVERSION = YES;
				CLANG_WARN_COMMA = YES;
				CLANG_WARN_CONSTANT_CONVERSION = YES;
				CLANG_WARN_DEPRECATED_OBJC_IMPLEMENTATIONS = YES;
				CLANG_WARN_DIRECT_OBJC_ISA_USAGE = YES_ERROR;
				CLANG_WARN_DOCUMENTATION_COMMENTS = YES;
				CLANG_WARN_EMPTY_BODY = YES;
				CLANG_WARN_ENUM_CONVERSION = YES;
				CLANG_WARN_INFINITE_RECURSION = YES;
				CLANG_WARN_INT_CONVERSION = YES;
				CLANG_WARN_NON_LITERAL_NULL_CONVERSION = YES;
				CLANG_WARN_OBJC_IMPLICIT_RETAIN_SELF = YES;
				CLANG_WARN_OBJC_LITERAL_CONVERSION = YES;
				CLANG_WARN_OBJC_ROOT_CLASS = YES_ERROR;
				CLANG_WARN_RANGE_LOOP_ANALYSIS = YES;
				CLANG_WARN_STRICT_PROTOTYPES = YES;
				CLANG_WARN_SUSPICIOUS_MOVE = YES;
				CLANG_WARN_UNGUARDED_AVAILABILITY = YES_AGGRESSIVE;
				CLANG_WARN_UNREACHABLE_CODE = YES;
				CLANG_WARN__DUPLICATE_METHOD_MATCH = YES;
				CODE_SIGN_IDENTITY = "iPhone Developer";
				COPY_PHASE_STRIP = NO;
				DEBUG_INFORMATION_FORMAT = dwarf;
				ENABLE_STRICT_OBJC_MSGSEND = YES;
				ENABLE_TESTABILITY = YES;
				GCC_C_LANGUAGE_STANDARD = gnu11;
				GCC_DYNAMIC_NO_PIC = NO;
				GCC_NO_COMMON_BLOCKS = YES;
				GCC_OPTIMIZATION_LEVEL = 0;
				GCC_PREPROCESSOR_DEFINITIONS = (
					"DEBUG=1",
					"$(inherited)",
				);
				GCC_WARN_64_TO_32_BIT_CONVERSION = YES;
				GCC_WARN_ABOUT_RETURN_TYPE = YES_ERROR;
				GCC_WARN_UNDECLARED_SELECTOR = YES;
				GCC_WARN_UNINITIALIZED_AUTOS = YES_AGGRESSIVE;
				GCC_WARN_UNUSED_FUNCTION = YES;
				GCC_WARN_UNUSED_VARIABLE = YES;
				IPHONEOS_DEPLOYMENT_TARGET = 12.2;
				MTL_ENABLE_DEBUG_INFO = INCLUDE_SOURCE;
				MTL_FAST_MATH = YES;
				ONLY_ACTIVE_ARCH = YES;
				SDKROOT = iphoneos;
				SWIFT_ACTIVE_COMPILATION_CONDITIONS = DEBUG;
				SWIFT_OPTIMIZATION_LEVEL = "-Onone";
			};
			name = Debug;
		};
		A4CBB7A922DB2B9300DB9756 /* Release */ = {
			isa = XCBuildConfiguration;
			buildSettings = {
				ALWAYS_SEARCH_USER_PATHS = NO;
				CLANG_ANALYZER_NONNULL = YES;
				CLANG_ANALYZER_NUMBER_OBJECT_CONVERSION = YES_AGGRESSIVE;
				CLANG_CXX_LANGUAGE_STANDARD = "gnu++14";
				CLANG_CXX_LIBRARY = "libc++";
				CLANG_ENABLE_MODULES = YES;
				CLANG_ENABLE_OBJC_ARC = YES;
				CLANG_ENABLE_OBJC_WEAK = YES;
				CLANG_WARN_BLOCK_CAPTURE_AUTORELEASING = YES;
				CLANG_WARN_BOOL_CONVERSION = YES;
				CLANG_WARN_COMMA = YES;
				CLANG_WARN_CONSTANT_CONVERSION = YES;
				CLANG_WARN_DEPRECATED_OBJC_IMPLEMENTATIONS = YES;
				CLANG_WARN_DIRECT_OBJC_ISA_USAGE = YES_ERROR;
				CLANG_WARN_DOCUMENTATION_COMMENTS = YES;
				CLANG_WARN_EMPTY_BODY = YES;
				CLANG_WARN_ENUM_CONVERSION = YES;
				CLANG_WARN_INFINITE_RECURSION = YES;
				CLANG_WARN_INT_CONVERSION = YES;
				CLANG_WARN_NON_LITERAL_NULL_CONVERSION = YES;
				CLANG_WARN_OBJC_IMPLICIT_RETAIN_SELF = YES;
				CLANG_WARN_OBJC_LITERAL_CONVERSION = YES;
				CLANG_WARN_OBJC_ROOT_CLASS = YES_ERROR;
				CLANG_WARN_RANGE_LOOP_ANALYSIS = YES;
				CLANG_WARN_STRICT_PROTOTYPES = YES;
				CLANG_WARN_SUSPICIOUS_MOVE = YES;
				CLANG_WARN_UNGUARDED_AVAILABILITY = YES_AGGRESSIVE;
				CLANG_WARN_UNREACHABLE_CODE = YES;
				CLANG_WARN__DUPLICATE_METHOD_MATCH = YES;
				CODE_SIGN_IDENTITY = "iPhone Developer";
				COPY_PHASE_STRIP = NO;
				DEBUG_INFORMATION_FORMAT = "dwarf-with-dsym";
				ENABLE_NS_ASSERTIONS = NO;
				ENABLE_STRICT_OBJC_MSGSEND = YES;
				GCC_C_LANGUAGE_STANDARD = gnu11;
				GCC_NO_COMMON_BLOCKS = YES;
				GCC_WARN_64_TO_32_BIT_CONVERSION = YES;
				GCC_WARN_ABOUT_RETURN_TYPE = YES_ERROR;
				GCC_WARN_UNDECLARED_SELECTOR = YES;
				GCC_WARN_UNINITIALIZED_AUTOS = YES_AGGRESSIVE;
				GCC_WARN_UNUSED_FUNCTION = YES;
				GCC_WARN_UNUSED_VARIABLE = YES;
				IPHONEOS_DEPLOYMENT_TARGET = 12.2;
				MTL_ENABLE_DEBUG_INFO = NO;
				MTL_FAST_MATH = YES;
				SDKROOT = iphoneos;
				SWIFT_COMPILATION_MODE = wholemodule;
				SWIFT_OPTIMIZATION_LEVEL = "-O";
				VALIDATE_PRODUCT = YES;
			};
			name = Release;
		};
		A4CBB7AB22DB2B9300DB9756 /* Debug */ = {
			isa = XCBuildConfiguration;
			buildSettings = {
				ASSETCATALOG_COMPILER_APPICON_NAME = AppIcon;
				CODE_SIGN_STYLE = Automatic;
				DEVELOPMENT_TEAM = X2S9Y7BYFF;
				INFOPLIST_FILE = LearnMoneyApp/Info.plist;
				LD_RUNPATH_SEARCH_PATHS = (
					"$(inherited)",
					"@executable_path/Frameworks",
				);
				PRODUCT_BUNDLE_IDENTIFIER = com.DKasri.LearnMoneyApp;
				PRODUCT_NAME = "$(TARGET_NAME)";
				SWIFT_VERSION = 5.0;
				TARGETED_DEVICE_FAMILY = "1,2";
			};
			name = Debug;
		};
		A4CBB7AC22DB2B9300DB9756 /* Release */ = {
			isa = XCBuildConfiguration;
			buildSettings = {
				ASSETCATALOG_COMPILER_APPICON_NAME = AppIcon;
				CODE_SIGN_STYLE = Automatic;
				DEVELOPMENT_TEAM = X2S9Y7BYFF;
				INFOPLIST_FILE = LearnMoneyApp/Info.plist;
				LD_RUNPATH_SEARCH_PATHS = (
					"$(inherited)",
					"@executable_path/Frameworks",
				);
				PRODUCT_BUNDLE_IDENTIFIER = com.DKasri.LearnMoneyApp;
				PRODUCT_NAME = "$(TARGET_NAME)";
				SWIFT_VERSION = 5.0;
				TARGETED_DEVICE_FAMILY = "1,2";
			};
			name = Release;
		};
		A4CBB7AE22DB2B9300DB9756 /* Debug */ = {
			isa = XCBuildConfiguration;
			buildSettings = {
				ALWAYS_EMBED_SWIFT_STANDARD_LIBRARIES = YES;
				BUNDLE_LOADER = "$(TEST_HOST)";
				CODE_SIGN_STYLE = Automatic;
				DEVELOPMENT_TEAM = X2S9Y7BYFF;
				INFOPLIST_FILE = LearnMoneyAppTests/Info.plist;
				LD_RUNPATH_SEARCH_PATHS = (
					"$(inherited)",
					"@executable_path/Frameworks",
					"@loader_path/Frameworks",
				);
				PRODUCT_BUNDLE_IDENTIFIER = com.DKasri.LearnMoneyAppTests;
				PRODUCT_NAME = "$(TARGET_NAME)";
				SWIFT_VERSION = 5.0;
				TARGETED_DEVICE_FAMILY = "1,2";
				TEST_HOST = "$(BUILT_PRODUCTS_DIR)/LearnMoneyApp.app/LearnMoneyApp";
			};
			name = Debug;
		};
		A4CBB7AF22DB2B9300DB9756 /* Release */ = {
			isa = XCBuildConfiguration;
			buildSettings = {
				ALWAYS_EMBED_SWIFT_STANDARD_LIBRARIES = YES;
				BUNDLE_LOADER = "$(TEST_HOST)";
				CODE_SIGN_STYLE = Automatic;
				DEVELOPMENT_TEAM = X2S9Y7BYFF;
				INFOPLIST_FILE = LearnMoneyAppTests/Info.plist;
				LD_RUNPATH_SEARCH_PATHS = (
					"$(inherited)",
					"@executable_path/Frameworks",
					"@loader_path/Frameworks",
				);
				PRODUCT_BUNDLE_IDENTIFIER = com.DKasri.LearnMoneyAppTests;
				PRODUCT_NAME = "$(TARGET_NAME)";
				SWIFT_VERSION = 5.0;
				TARGETED_DEVICE_FAMILY = "1,2";
				TEST_HOST = "$(BUILT_PRODUCTS_DIR)/LearnMoneyApp.app/LearnMoneyApp";
			};
			name = Release;
		};
/* End XCBuildConfiguration section */

/* Begin XCConfigurationList section */
		A4CBB78622DB2B9100DB9756 /* Build configuration list for PBXProject "LearnMoneyApp" */ = {
			isa = XCConfigurationList;
			buildConfigurations = (
				A4CBB7A822DB2B9300DB9756 /* Debug */,
				A4CBB7A922DB2B9300DB9756 /* Release */,
			);
			defaultConfigurationIsVisible = 0;
			defaultConfigurationName = Release;
		};
		A4CBB7AA22DB2B9300DB9756 /* Build configuration list for PBXNativeTarget "LearnMoneyApp" */ = {
			isa = XCConfigurationList;
			buildConfigurations = (
				A4CBB7AB22DB2B9300DB9756 /* Debug */,
				A4CBB7AC22DB2B9300DB9756 /* Release */,
			);
			defaultConfigurationIsVisible = 0;
			defaultConfigurationName = Release;
		};
		A4CBB7AD22DB2B9300DB9756 /* Build configuration list for PBXNativeTarget "LearnMoneyAppTests" */ = {
			isa = XCConfigurationList;
			buildConfigurations = (
				A4CBB7AE22DB2B9300DB9756 /* Debug */,
				A4CBB7AF22DB2B9300DB9756 /* Release */,
			);
			defaultConfigurationIsVisible = 0;
			defaultConfigurationName = Release;
		};
/* End XCConfigurationList section */
	};
	rootObject = A4CBB78322DB2B9100DB9756 /* Project object */;
}
